
Microsoft Visual Studio Solution File, Format Version 12.00
# Visual Studio Version 17
VisualStudioVersion = 17.11.35208.52
MinimumVisualStudioVersion = 10.0.40219.1
Project("{FAE04EC0-301F-11D3-BF4B-00C04F79EFBC}") = "NamespaceKullanımıveGenişletilebilirlik", "NamespaceKullanımıveGenişletilebilirlik\NamespaceKullanımıveGenişletilebilirlik.csproj", "{99926098-DE5C-47A9-8AB3-556AD67BEAAB}"
EndProject
Global
	GlobalSection(SolutionConfigurationPlatforms) = preSolution
		Debug|Any CPU = Debug|Any CPU
		Release|Any CPU = Release|Any CPU
	EndGlobalSection
	GlobalSection(ProjectConfigurationPlatforms) = postSolution
		{99926098-DE5C-47A9-8AB3-556AD67BEAAB}.Debug|Any CPU.ActiveCfg = Debug|Any CPU
		{99926098-DE5C-47A9-8AB3-556AD67BEAAB}.Debug|Any CPU.Build.0 = Debug|Any CPU
		{99926098-DE5C-47A9-8AB3-556AD67BEAAB}.Release|Any CPU.ActiveCfg = Release|Any CPU
		{99926098-DE5C-47A9-8AB3-556AD67BEAAB}.Release|Any CPU.Build.0 = Release|Any CPU
	EndGlobalSection
	GlobalSection(SolutionProperties) = preSolution
		HideSolutionNode = FALSE
	EndGlobalSection
	GlobalSection(ExtensibilityGlobals) = postSolution
		SolutionGuid = {CFA55123-90B9-4938-AC19-1F6879C7D797}
	EndGlobalSection
EndGlobal
